// !$*UTF8*$!
{
	archiveVersion = 1;
	classes = {
	};
	objectVersion = 54;
	objects = {

/* Begin PBXBuildFile section */
		DD05D8D025362D12002DECFA /* ExpDetailsTableViewController.swift in Sources */ = {isa = PBXBuildFile; fileRef = DD05D8CE25362D12002DECFA /* ExpDetailsTableViewController.swift */; };
		DD05D8E32537792F002DECFA /* TimePicker.swift in Sources */ = {isa = PBXBuildFile; fileRef = DD05D8E22537792F002DECFA /* TimePicker.swift */; };
		DD0C0BC2255615E500D5E2AF /* StimulusTableViewCell.swift in Sources */ = {isa = PBXBuildFile; fileRef = DD0C0BC1255615E400D5E2AF /* StimulusTableViewCell.swift */; };
		DD13475B253CB8DE00208C60 /* ExperimentTableViewCell.swift in Sources */ = {isa = PBXBuildFile; fileRef = DD134759253CB8DE00208C60 /* ExperimentTableViewCell.swift */; };
		DD3C7AA92569C5D200E6EF5C /* JGProgressHUD in Frameworks */ = {isa = PBXBuildFile; productRef = DD3C7AA82569C5D200E6EF5C /* JGProgressHUD */; };
		DD4BB17B2520283D00B8A5FD /* MultiTouchCaptureView.swift in Sources */ = {isa = PBXBuildFile; fileRef = DD4BB17A2520283D00B8A5FD /* MultiTouchCaptureView.swift */; };
		DD4BB1802521230900B8A5FD /* MultiTouchPlayerView.swift in Sources */ = {isa = PBXBuildFile; fileRef = DD4BB17F2521230900B8A5FD /* MultiTouchPlayerView.swift */; };
		DD4BF6FD2518F31F005DA322 /* Core.swift in Sources */ = {isa = PBXBuildFile; fileRef = DD4BF6FC2518F31F005DA322 /* Core.swift */; };
		DD4BF7002518F6CE005DA322 /* UpgradeViewController.swift in Sources */ = {isa = PBXBuildFile; fileRef = DD4BF6FF2518F6CE005DA322 /* UpgradeViewController.swift */; };
		DD5A26CB2555A99600EA227C /* DataSetCollectionViewCell.swift in Sources */ = {isa = PBXBuildFile; fileRef = DD5A26CA2555A99600EA227C /* DataSetCollectionViewCell.swift */; };
		DD637C1A255C47CA00A33D59 /* TimerSelectViewController.swift in Sources */ = {isa = PBXBuildFile; fileRef = DD637C19255C47CA00A33D59 /* TimerSelectViewController.swift */; };
		DD75C58525293C4A005B640E /* RecordButton.swift in Sources */ = {isa = PBXBuildFile; fileRef = DD75C58425293C4A005B640E /* RecordButton.swift */; };
		DD75C58A25297588005B640E /* TouchCoreView.swift in Sources */ = {isa = PBXBuildFile; fileRef = DD75C58925297588005B640E /* TouchCoreView.swift */; };
		DD78B970251B97F500D01C6D /* ImagePageViewController.swift in Sources */ = {isa = PBXBuildFile; fileRef = DD78B96F251B97F500D01C6D /* ImagePageViewController.swift */; };
		DD89E0C91E27208200965CB7 /* AppDelegate.swift in Sources */ = {isa = PBXBuildFile; fileRef = DD89E0C81E27208200965CB7 /* AppDelegate.swift */; };
		DD89E0CB1E27208200965CB7 /* CaptureViewController.swift in Sources */ = {isa = PBXBuildFile; fileRef = DD89E0CA1E27208200965CB7 /* CaptureViewController.swift */; };
		DD89E0CE1E27208200965CB7 /* Main.storyboard in Resources */ = {isa = PBXBuildFile; fileRef = DD89E0CC1E27208200965CB7 /* Main.storyboard */; };
		DD89E0D01E27208200965CB7 /* Assets.xcassets in Resources */ = {isa = PBXBuildFile; fileRef = DD89E0CF1E27208200965CB7 /* Assets.xcassets */; };
		DD89E0D31E27208200965CB7 /* LaunchScreen.storyboard in Resources */ = {isa = PBXBuildFile; fileRef = DD89E0D11E27208200965CB7 /* LaunchScreen.storyboard */; };
		DD8D34AA23FE51F70035EABA /* ImageCollectionViewCell.swift in Sources */ = {isa = PBXBuildFile; fileRef = DD8D34A923FE51F70035EABA /* ImageCollectionViewCell.swift */; };
		DD8D34AC23FE521D0035EABA /* ImageCollectionViewController.swift in Sources */ = {isa = PBXBuildFile; fileRef = DD8D34AB23FE521D0035EABA /* ImageCollectionViewController.swift */; };
		DDA216D1251921C9008F794B /* CoreDataHelper.swift in Sources */ = {isa = PBXBuildFile; fileRef = DDA216D0251921C9008F794B /* CoreDataHelper.swift */; };
		DDACB8C6251BE97700E0C33C /* ImageContainerViewController.swift in Sources */ = {isa = PBXBuildFile; fileRef = DDACB8C5251BE97700E0C33C /* ImageContainerViewController.swift */; };
		DDB5E196255CDB4A006A3CEB /* DataSetsCollectionViewController.swift in Sources */ = {isa = PBXBuildFile; fileRef = DDB5E195255CDB4A006A3CEB /* DataSetsCollectionViewController.swift */; };
		DDBA22BA258AAECF00C52149 /* CustomSplitViewController.swift in Sources */ = {isa = PBXBuildFile; fileRef = DDBA22B9258AAECE00C52149 /* CustomSplitViewController.swift */; };
		DDBD415E251983D900F1103B /* TouchCaptureModel.xcdatamodeld in Sources */ = {isa = PBXBuildFile; fileRef = DDBD4159251982FC00F1103B /* TouchCaptureModel.xcdatamodeld */; };
		DDD87303252A6886003E4645 /* PlaybackSettingsViewController.swift in Sources */ = {isa = PBXBuildFile; fileRef = DDD87302252A6886003E4645 /* PlaybackSettingsViewController.swift */; };
		DDD87306252BAD99003E4645 /* PlaybackViewController.swift in Sources */ = {isa = PBXBuildFile; fileRef = DDD87305252BAD99003E4645 /* PlaybackViewController.swift */; };
		DDE22FAD252D187E00C635C9 /* ExperimentsTableViewController.swift in Sources */ = {isa = PBXBuildFile; fileRef = DDE22FAC252D187E00C635C9 /* ExperimentsTableViewController.swift */; };
		DDF7CCFF25154C7C009FFBDE /* ImageChooser.swift in Sources */ = {isa = PBXBuildFile; fileRef = DDF7CCFB25154C7B009FFBDE /* ImageChooser.swift */; };
		DDF7CD0025154C7C009FFBDE /* Extensions.swift in Sources */ = {isa = PBXBuildFile; fileRef = DDF7CCFC25154C7B009FFBDE /* Extensions.swift */; };
		DDF7CD0125154C7C009FFBDE /* Helpers.swift in Sources */ = {isa = PBXBuildFile; fileRef = DDF7CCFD25154C7B009FFBDE /* Helpers.swift */; };
		DDF7CD0225154C7C009FFBDE /* MovableImageView.swift in Sources */ = {isa = PBXBuildFile; fileRef = DDF7CCFE25154C7C009FFBDE /* MovableImageView.swift */; };
		DDF7CD092515526F009FFBDE /* RoundedButton.swift in Sources */ = {isa = PBXBuildFile; fileRef = DDF7CD082515526F009FFBDE /* RoundedButton.swift */; };
		DDFA821325197854009762FA /* TouchHandler.swift in Sources */ = {isa = PBXBuildFile; fileRef = DDFA821225197854009762FA /* TouchHandler.swift */; };
/* End PBXBuildFile section */

/* Begin PBXFileReference section */
		DD05D8CE25362D12002DECFA /* ExpDetailsTableViewController.swift */ = {isa = PBXFileReference; lastKnownFileType = sourcecode.swift; path = ExpDetailsTableViewController.swift; sourceTree = "<group>"; };
		DD05D8E22537792F002DECFA /* TimePicker.swift */ = {isa = PBXFileReference; lastKnownFileType = sourcecode.swift; path = TimePicker.swift; sourceTree = "<group>"; };
		DD0C0BC1255615E400D5E2AF /* StimulusTableViewCell.swift */ = {isa = PBXFileReference; lastKnownFileType = sourcecode.swift; path = StimulusTableViewCell.swift; sourceTree = "<group>"; };
		DD134759253CB8DE00208C60 /* ExperimentTableViewCell.swift */ = {isa = PBXFileReference; lastKnownFileType = sourcecode.swift; path = ExperimentTableViewCell.swift; sourceTree = "<group>"; };
		DD4BB17A2520283D00B8A5FD /* MultiTouchCaptureView.swift */ = {isa = PBXFileReference; lastKnownFileType = sourcecode.swift; path = MultiTouchCaptureView.swift; sourceTree = "<group>"; };
		DD4BB17F2521230900B8A5FD /* MultiTouchPlayerView.swift */ = {isa = PBXFileReference; lastKnownFileType = sourcecode.swift; path = MultiTouchPlayerView.swift; sourceTree = "<group>"; };
		DD4BF6FC2518F31F005DA322 /* Core.swift */ = {isa = PBXFileReference; lastKnownFileType = sourcecode.swift; path = Core.swift; sourceTree = "<group>"; };
		DD4BF6FF2518F6CE005DA322 /* UpgradeViewController.swift */ = {isa = PBXFileReference; lastKnownFileType = sourcecode.swift; path = UpgradeViewController.swift; sourceTree = "<group>"; };
		DD5A26CA2555A99600EA227C /* DataSetCollectionViewCell.swift */ = {isa = PBXFileReference; lastKnownFileType = sourcecode.swift; path = DataSetCollectionViewCell.swift; sourceTree = "<group>"; };
		DD637C19255C47CA00A33D59 /* TimerSelectViewController.swift */ = {isa = PBXFileReference; lastKnownFileType = sourcecode.swift; path = TimerSelectViewController.swift; sourceTree = "<group>"; };
		DD75C58425293C4A005B640E /* RecordButton.swift */ = {isa = PBXFileReference; lastKnownFileType = sourcecode.swift; path = RecordButton.swift; sourceTree = "<group>"; };
		DD75C58925297588005B640E /* TouchCoreView.swift */ = {isa = PBXFileReference; lastKnownFileType = sourcecode.swift; path = TouchCoreView.swift; sourceTree = "<group>"; };
		DD78B96F251B97F500D01C6D /* ImagePageViewController.swift */ = {isa = PBXFileReference; lastKnownFileType = sourcecode.swift; path = ImagePageViewController.swift; sourceTree = "<group>"; };
		DD89E0C51E27208200965CB7 /* Touch Capture.app */ = {isa = PBXFileReference; explicitFileType = wrapper.application; includeInIndex = 0; path = "Touch Capture.app"; sourceTree = BUILT_PRODUCTS_DIR; };
		DD89E0C81E27208200965CB7 /* AppDelegate.swift */ = {isa = PBXFileReference; lastKnownFileType = sourcecode.swift; path = AppDelegate.swift; sourceTree = "<group>"; };
		DD89E0CA1E27208200965CB7 /* CaptureViewController.swift */ = {isa = PBXFileReference; lastKnownFileType = sourcecode.swift; path = CaptureViewController.swift; sourceTree = "<group>"; };
		DD89E0CD1E27208200965CB7 /* Base */ = {isa = PBXFileReference; lastKnownFileType = file.storyboard; name = Base; path = Base.lproj/Main.storyboard; sourceTree = "<group>"; };
		DD89E0CF1E27208200965CB7 /* Assets.xcassets */ = {isa = PBXFileReference; lastKnownFileType = folder.assetcatalog; path = Assets.xcassets; sourceTree = "<group>"; };
		DD89E0D21E27208200965CB7 /* Base */ = {isa = PBXFileReference; lastKnownFileType = file.storyboard; name = Base; path = Base.lproj/LaunchScreen.storyboard; sourceTree = "<group>"; };
		DD89E0D41E27208200965CB7 /* Info.plist */ = {isa = PBXFileReference; lastKnownFileType = text.plist.xml; path = Info.plist; sourceTree = "<group>"; };
		DD8D34A923FE51F70035EABA /* ImageCollectionViewCell.swift */ = {isa = PBXFileReference; lastKnownFileType = sourcecode.swift; path = ImageCollectionViewCell.swift; sourceTree = "<group>"; };
		DD8D34AB23FE521D0035EABA /* ImageCollectionViewController.swift */ = {isa = PBXFileReference; lastKnownFileType = sourcecode.swift; path = ImageCollectionViewController.swift; sourceTree = "<group>"; };
		DDA216D0251921C9008F794B /* CoreDataHelper.swift */ = {isa = PBXFileReference; lastKnownFileType = sourcecode.swift; path = CoreDataHelper.swift; sourceTree = "<group>"; };
		DDACB8C5251BE97700E0C33C /* ImageContainerViewController.swift */ = {isa = PBXFileReference; lastKnownFileType = sourcecode.swift; path = ImageContainerViewController.swift; sourceTree = "<group>"; };
		DDB5E195255CDB4A006A3CEB /* DataSetsCollectionViewController.swift */ = {isa = PBXFileReference; lastKnownFileType = sourcecode.swift; path = DataSetsCollectionViewController.swift; sourceTree = "<group>"; };
		DDBA22B9258AAECE00C52149 /* CustomSplitViewController.swift */ = {isa = PBXFileReference; lastKnownFileType = sourcecode.swift; path = CustomSplitViewController.swift; sourceTree = "<group>"; };
		DDBD415A251982FC00F1103B /* TouchCaptureModel.xcdatamodel */ = {isa = PBXFileReference; lastKnownFileType = wrapper.xcdatamodel; path = TouchCaptureModel.xcdatamodel; sourceTree = "<group>"; };
		DDD87302252A6886003E4645 /* PlaybackSettingsViewController.swift */ = {isa = PBXFileReference; lastKnownFileType = sourcecode.swift; path = PlaybackSettingsViewController.swift; sourceTree = "<group>"; };
		DDD87305252BAD99003E4645 /* PlaybackViewController.swift */ = {isa = PBXFileReference; lastKnownFileType = sourcecode.swift; path = PlaybackViewController.swift; sourceTree = "<group>"; };
		DDE22FAC252D187E00C635C9 /* ExperimentsTableViewController.swift */ = {isa = PBXFileReference; lastKnownFileType = sourcecode.swift; path = ExperimentsTableViewController.swift; sourceTree = "<group>"; };
		DDF7CCFB25154C7B009FFBDE /* ImageChooser.swift */ = {isa = PBXFileReference; fileEncoding = 4; lastKnownFileType = sourcecode.swift; path = ImageChooser.swift; sourceTree = "<group>"; };
		DDF7CCFC25154C7B009FFBDE /* Extensions.swift */ = {isa = PBXFileReference; fileEncoding = 4; lastKnownFileType = sourcecode.swift; path = Extensions.swift; sourceTree = "<group>"; };
		DDF7CCFD25154C7B009FFBDE /* Helpers.swift */ = {isa = PBXFileReference; fileEncoding = 4; lastKnownFileType = sourcecode.swift; path = Helpers.swift; sourceTree = "<group>"; };
		DDF7CCFE25154C7C009FFBDE /* MovableImageView.swift */ = {isa = PBXFileReference; fileEncoding = 4; lastKnownFileType = sourcecode.swift; path = MovableImageView.swift; sourceTree = "<group>"; };
		DDF7CD082515526F009FFBDE /* RoundedButton.swift */ = {isa = PBXFileReference; lastKnownFileType = sourcecode.swift; path = RoundedButton.swift; sourceTree = "<group>"; };
		DDFA821225197854009762FA /* TouchHandler.swift */ = {isa = PBXFileReference; fileEncoding = 4; lastKnownFileType = sourcecode.swift; path = TouchHandler.swift; sourceTree = "<group>"; };
/* End PBXFileReference section */

/* Begin PBXFrameworksBuildPhase section */
		DD89E0C21E27208200965CB7 /* Frameworks */ = {
			isa = PBXFrameworksBuildPhase;
			buildActionMask = 2147483647;
			files = (
				DD3C7AA92569C5D200E6EF5C /* JGProgressHUD in Frameworks */,
			);
			runOnlyForDeploymentPostprocessing = 0;
		};
/* End PBXFrameworksBuildPhase section */

/* Begin PBXGroup section */
		DD05D8CD25362CF6002DECFA /* Details TVC */ = {
			isa = PBXGroup;
			children = (
				DD05D8CE25362D12002DECFA /* ExpDetailsTableViewController.swift */,
			);
			path = "Details TVC";
			sourceTree = "<group>";
		};
		DD343A4325153FC70031BD88 /* Views */ = {
			isa = PBXGroup;
			children = (
				DD75C58925297588005B640E /* TouchCoreView.swift */,
				DD4BB17A2520283D00B8A5FD /* MultiTouchCaptureView.swift */,
				DD4BB17F2521230900B8A5FD /* MultiTouchPlayerView.swift */,
				DDF7CCFE25154C7C009FFBDE /* MovableImageView.swift */,
				DDF7CD082515526F009FFBDE /* RoundedButton.swift */,
				DD75C58425293C4A005B640E /* RecordButton.swift */,
				DD05D8E22537792F002DECFA /* TimePicker.swift */,
			);
			path = Views;
			sourceTree = "<group>";
		};
		DD343A4425153FDD0031BD88 /* VCs */ = {
			isa = PBXGroup;
			children = (
				DDBA22B9258AAECE00C52149 /* CustomSplitViewController.swift */,
				DD05D8CD25362CF6002DECFA /* Details TVC */,
				DDACB8C8251BE9AC00E0C33C /* View Images */,
				DDE22F86252D030800C635C9 /* Capture and Playback */,
				DDE22FAC252D187E00C635C9 /* ExperimentsTableViewController.swift */,
				DDB5E195255CDB4A006A3CEB /* DataSetsCollectionViewController.swift */,
				DD637C19255C47CA00A33D59 /* TimerSelectViewController.swift */,
			);
			path = VCs;
			sourceTree = "<group>";
		};
		DD343A4525153FF40031BD88 /* Cells */ = {
			isa = PBXGroup;
			children = (
				DD8D34A923FE51F70035EABA /* ImageCollectionViewCell.swift */,
				DD134759253CB8DE00208C60 /* ExperimentTableViewCell.swift */,
				DD5A26CA2555A99600EA227C /* DataSetCollectionViewCell.swift */,
				DD0C0BC1255615E400D5E2AF /* StimulusTableViewCell.swift */,
			);
			path = Cells;
			sourceTree = "<group>";
		};
		DD89E0BC1E27208200965CB7 = {
			isa = PBXGroup;
			children = (
				DD89E0C71E27208200965CB7 /* TouchSequenceTest */,
				DD89E0C61E27208200965CB7 /* Products */,
			);
			sourceTree = "<group>";
			tabWidth = 4;
			usesTabs = 1;
		};
		DD89E0C61E27208200965CB7 /* Products */ = {
			isa = PBXGroup;
			children = (
				DD89E0C51E27208200965CB7 /* Touch Capture.app */,
			);
			name = Products;
			sourceTree = "<group>";
		};
		DD89E0C71E27208200965CB7 /* TouchSequenceTest */ = {
			isa = PBXGroup;
			children = (
				DD343A4525153FF40031BD88 /* Cells */,
				DD343A4425153FDD0031BD88 /* VCs */,
				DD343A4325153FC70031BD88 /* Views */,
				DDE4A6E225165C1100931828 /* Helpers */,
				DDF7CCFB25154C7B009FFBDE /* ImageChooser.swift */,
				DD89E0C81E27208200965CB7 /* AppDelegate.swift */,
				DD89E0CC1E27208200965CB7 /* Main.storyboard */,
				DD89E0CF1E27208200965CB7 /* Assets.xcassets */,
				DD89E0D11E27208200965CB7 /* LaunchScreen.storyboard */,
				DD89E0D41E27208200965CB7 /* Info.plist */,
				DDBD4159251982FC00F1103B /* TouchCaptureModel.xcdatamodeld */,
			);
			path = TouchSequenceTest;
			sourceTree = "<group>";
		};
		DDACB8C8251BE9AC00E0C33C /* View Images */ = {
			isa = PBXGroup;
			children = (
				DD8D34AB23FE521D0035EABA /* ImageCollectionViewController.swift */,
				DD78B96F251B97F500D01C6D /* ImagePageViewController.swift */,
				DDACB8C5251BE97700E0C33C /* ImageContainerViewController.swift */,
			);
			path = "View Images";
			sourceTree = "<group>";
		};
		DDE22F86252D030800C635C9 /* Capture and Playback */ = {
			isa = PBXGroup;
			children = (
				DD89E0CA1E27208200965CB7 /* CaptureViewController.swift */,
				DDD87305252BAD99003E4645 /* PlaybackViewController.swift */,
				DDD87302252A6886003E4645 /* PlaybackSettingsViewController.swift */,
				DD4BF6FF2518F6CE005DA322 /* UpgradeViewController.swift */,
			);
			path = "Capture and Playback";
			sourceTree = "<group>";
		};
		DDE4A6E225165C1100931828 /* Helpers */ = {
			isa = PBXGroup;
			children = (
				DDFA821225197854009762FA /* TouchHandler.swift */,
				DDF7CCFC25154C7B009FFBDE /* Extensions.swift */,
				DDF7CCFD25154C7B009FFBDE /* Helpers.swift */,
				DD4BF6FC2518F31F005DA322 /* Core.swift */,
				DDA216D0251921C9008F794B /* CoreDataHelper.swift */,
			);
			path = Helpers;
			sourceTree = "<group>";
		};
/* End PBXGroup section */

/* Begin PBXNativeTarget section */
		DD89E0C41E27208200965CB7 /* TouchSequenceTest */ = {
			isa = PBXNativeTarget;
			buildConfigurationList = DD89E0D71E27208200965CB7 /* Build configuration list for PBXNativeTarget "TouchSequenceTest" */;
			buildPhases = (
				DD89E0C11E27208200965CB7 /* Sources */,
				DD89E0C21E27208200965CB7 /* Frameworks */,
				DD89E0C31E27208200965CB7 /* Resources */,
			);
			buildRules = (
			);
			dependencies = (
			);
			name = TouchSequenceTest;
			packageProductDependencies = (
				DD3C7AA82569C5D200E6EF5C /* JGProgressHUD */,
			);
			productName = TouchSequenceTest;
			productReference = DD89E0C51E27208200965CB7 /* Touch Capture.app */;
			productType = "com.apple.product-type.application";
		};
/* End PBXNativeTarget section */

/* Begin PBXProject section */
		DD89E0BD1E27208200965CB7 /* Project object */ = {
			isa = PBXProject;
			attributes = {
				LastSwiftUpdateCheck = 0820;
				LastUpgradeCheck = 1200;
				ORGANIZATIONNAME = StooSepp;
				TargetAttributes = {
					DD89E0C41E27208200965CB7 = {
						CreatedOnToolsVersion = 8.2.1;
					};
				};
			};
			buildConfigurationList = DD89E0C01E27208200965CB7 /* Build configuration list for PBXProject "TouchSequenceTest" */;
			compatibilityVersion = "Xcode 12.0";
			developmentRegion = en;
			hasScannedForEncodings = 0;
			knownRegions = (
				en,
				Base,
			);
			mainGroup = DD89E0BC1E27208200965CB7;
			packageReferences = (
				DD3C7AA72569C5D200E6EF5C /* XCRemoteSwiftPackageReference "JGProgressHUD" */,
			);
			productRefGroup = DD89E0C61E27208200965CB7 /* Products */;
			projectDirPath = "";
			projectRoot = "";
			targets = (
				DD89E0C41E27208200965CB7 /* TouchSequenceTest */,
			);
		};
/* End PBXProject section */

/* Begin PBXResourcesBuildPhase section */
		DD89E0C31E27208200965CB7 /* Resources */ = {
			isa = PBXResourcesBuildPhase;
			buildActionMask = 2147483647;
			files = (
				DD89E0D31E27208200965CB7 /* LaunchScreen.storyboard in Resources */,
				DD89E0D01E27208200965CB7 /* Assets.xcassets in Resources */,
				DD89E0CE1E27208200965CB7 /* Main.storyboard in Resources */,
			);
			runOnlyForDeploymentPostprocessing = 0;
		};
/* End PBXResourcesBuildPhase section */

/* Begin PBXSourcesBuildPhase section */
		DD89E0C11E27208200965CB7 /* Sources */ = {
			isa = PBXSourcesBuildPhase;
			buildActionMask = 2147483647;
			files = (
				DDD87306252BAD99003E4645 /* PlaybackViewController.swift in Sources */,
				DD4BB1802521230900B8A5FD /* MultiTouchPlayerView.swift in Sources */,
				DDBD415E251983D900F1103B /* TouchCaptureModel.xcdatamodeld in Sources */,
				DDF7CD0025154C7C009FFBDE /* Extensions.swift in Sources */,
				DDD87303252A6886003E4645 /* PlaybackSettingsViewController.swift in Sources */,
				DDBA22BA258AAECF00C52149 /* CustomSplitViewController.swift in Sources */,
				DDF7CD0225154C7C009FFBDE /* MovableImageView.swift in Sources */,
				DD05D8E32537792F002DECFA /* TimePicker.swift in Sources */,
				DD5A26CB2555A99600EA227C /* DataSetCollectionViewCell.swift in Sources */,
				DDB5E196255CDB4A006A3CEB /* DataSetsCollectionViewController.swift in Sources */,
				DD8D34AC23FE521D0035EABA /* ImageCollectionViewController.swift in Sources */,
				DDA216D1251921C9008F794B /* CoreDataHelper.swift in Sources */,
				DD13475B253CB8DE00208C60 /* ExperimentTableViewCell.swift in Sources */,
				DDACB8C6251BE97700E0C33C /* ImageContainerViewController.swift in Sources */,
				DDE22FAD252D187E00C635C9 /* ExperimentsTableViewController.swift in Sources */,
				DD75C58525293C4A005B640E /* RecordButton.swift in Sources */,
				DD05D8D025362D12002DECFA /* ExpDetailsTableViewController.swift in Sources */,
				DD78B970251B97F500D01C6D /* ImagePageViewController.swift in Sources */,
				DD75C58A25297588005B640E /* TouchCoreView.swift in Sources */,
				DD637C1A255C47CA00A33D59 /* TimerSelectViewController.swift in Sources */,
				DD0C0BC2255615E500D5E2AF /* StimulusTableViewCell.swift in Sources */,
				DD4BF6FD2518F31F005DA322 /* Core.swift in Sources */,
				DD4BB17B2520283D00B8A5FD /* MultiTouchCaptureView.swift in Sources */,
				DDF7CD092515526F009FFBDE /* RoundedButton.swift in Sources */,
				DD8D34AA23FE51F70035EABA /* ImageCollectionViewCell.swift in Sources */,
				DDF7CCFF25154C7C009FFBDE /* ImageChooser.swift in Sources */,
				DD89E0CB1E27208200965CB7 /* CaptureViewController.swift in Sources */,
				DDFA821325197854009762FA /* TouchHandler.swift in Sources */,
				DD89E0C91E27208200965CB7 /* AppDelegate.swift in Sources */,
				DDF7CD0125154C7C009FFBDE /* Helpers.swift in Sources */,
				DD4BF7002518F6CE005DA322 /* UpgradeViewController.swift in Sources */,
			);
			runOnlyForDeploymentPostprocessing = 0;
		};
/* End PBXSourcesBuildPhase section */

/* Begin PBXVariantGroup section */
		DD89E0CC1E27208200965CB7 /* Main.storyboard */ = {
			isa = PBXVariantGroup;
			children = (
				DD89E0CD1E27208200965CB7 /* Base */,
			);
			name = Main.storyboard;
			sourceTree = "<group>";
		};
		DD89E0D11E27208200965CB7 /* LaunchScreen.storyboard */ = {
			isa = PBXVariantGroup;
			children = (
				DD89E0D21E27208200965CB7 /* Base */,
			);
			name = LaunchScreen.storyboard;
			sourceTree = "<group>";
		};
/* End PBXVariantGroup section */

/* Begin XCBuildConfiguration section */
		DD89E0D51E27208200965CB7 /* Debug */ = {
			isa = XCBuildConfiguration;
			buildSettings = {
				ALWAYS_SEARCH_USER_PATHS = NO;
				CLANG_ANALYZER_NONNULL = YES;
				CLANG_CXX_LANGUAGE_STANDARD = "gnu++0x";
				CLANG_CXX_LIBRARY = "libc++";
				CLANG_ENABLE_MODULES = YES;
				CLANG_ENABLE_OBJC_ARC = YES;
				CLANG_WARN_BLOCK_CAPTURE_AUTORELEASING = YES;
				CLANG_WARN_BOOL_CONVERSION = YES;
				CLANG_WARN_COMMA = YES;
				CLANG_WARN_CONSTANT_CONVERSION = YES;
				CLANG_WARN_DEPRECATED_OBJC_IMPLEMENTATIONS = YES;
				CLANG_WARN_DIRECT_OBJC_ISA_USAGE = YES_ERROR;
				CLANG_WARN_DOCUMENTATION_COMMENTS = YES;
				CLANG_WARN_EMPTY_BODY = YES;
				CLANG_WARN_ENUM_CONVERSION = YES;
				CLANG_WARN_INFINITE_RECURSION = YES;
				CLANG_WARN_INT_CONVERSION = YES;
				CLANG_WARN_NON_LITERAL_NULL_CONVERSION = YES;
				CLANG_WARN_OBJC_IMPLICIT_RETAIN_SELF = YES;
				CLANG_WARN_OBJC_LITERAL_CONVERSION = YES;
				CLANG_WARN_OBJC_ROOT_CLASS = YES_ERROR;
				CLANG_WARN_QUOTED_INCLUDE_IN_FRAMEWORK_HEADER = YES;
				CLANG_WARN_RANGE_LOOP_ANALYSIS = YES;
				CLANG_WARN_STRICT_PROTOTYPES = YES;
				CLANG_WARN_SUSPICIOUS_MOVE = YES;
				CLANG_WARN_UNREACHABLE_CODE = YES;
				CLANG_WARN__DUPLICATE_METHOD_MATCH = YES;
				"CODE_SIGN_IDENTITY[sdk=iphoneos*]" = "iPhone Developer";
				COPY_PHASE_STRIP = NO;
				DEBUG_INFORMATION_FORMAT = dwarf;
				ENABLE_STRICT_OBJC_MSGSEND = YES;
				ENABLE_TESTABILITY = YES;
				GCC_C_LANGUAGE_STANDARD = gnu99;
				GCC_DYNAMIC_NO_PIC = NO;
				GCC_NO_COMMON_BLOCKS = YES;
				GCC_OPTIMIZATION_LEVEL = 0;
				GCC_PREPROCESSOR_DEFINITIONS = (
					"DEBUG=1",
					"$(inherited)",
				);
				GCC_WARN_64_TO_32_BIT_CONVERSION = YES;
				GCC_WARN_ABOUT_RETURN_TYPE = YES_ERROR;
				GCC_WARN_UNDECLARED_SELECTOR = YES;
				GCC_WARN_UNINITIALIZED_AUTOS = YES_AGGRESSIVE;
				GCC_WARN_UNUSED_FUNCTION = YES;
				GCC_WARN_UNUSED_VARIABLE = YES;
				IPHONEOS_DEPLOYMENT_TARGET = 14.0;
				MTL_ENABLE_DEBUG_INFO = YES;
				ONLY_ACTIVE_ARCH = YES;
				SDKROOT = iphoneos;
				SWIFT_ACTIVE_COMPILATION_CONDITIONS = DEBUG;
				SWIFT_OPTIMIZATION_LEVEL = "-Onone";
				TARGETED_DEVICE_FAMILY = 2;
			};
			name = Debug;
		};
		DD89E0D61E27208200965CB7 /* Release */ = {
			isa = XCBuildConfiguration;
			buildSettings = {
				ALWAYS_SEARCH_USER_PATHS = NO;
				CLANG_ANALYZER_NONNULL = YES;
				CLANG_CXX_LANGUAGE_STANDARD = "gnu++0x";
				CLANG_CXX_LIBRARY = "libc++";
				CLANG_ENABLE_MODULES = YES;
				CLANG_ENABLE_OBJC_ARC = YES;
				CLANG_WARN_BLOCK_CAPTURE_AUTORELEASING = YES;
				CLANG_WARN_BOOL_CONVERSION = YES;
				CLANG_WARN_COMMA = YES;
				CLANG_WARN_CONSTANT_CONVERSION = YES;
				CLANG_WARN_DEPRECATED_OBJC_IMPLEMENTATIONS = YES;
				CLANG_WARN_DIRECT_OBJC_ISA_USAGE = YES_ERROR;
				CLANG_WARN_DOCUMENTATION_COMMENTS = YES;
				CLANG_WARN_EMPTY_BODY = YES;
				CLANG_WARN_ENUM_CONVERSION = YES;
				CLANG_WARN_INFINITE_RECURSION = YES;
				CLANG_WARN_INT_CONVERSION = YES;
				CLANG_WARN_NON_LITERAL_NULL_CONVERSION = YES;
				CLANG_WARN_OBJC_IMPLICIT_RETAIN_SELF = YES;
				CLANG_WARN_OBJC_LITERAL_CONVERSION = YES;
				CLANG_WARN_OBJC_ROOT_CLASS = YES_ERROR;
				CLANG_WARN_QUOTED_INCLUDE_IN_FRAMEWORK_HEADER = YES;
				CLANG_WARN_RANGE_LOOP_ANALYSIS = YES;
				CLANG_WARN_STRICT_PROTOTYPES = YES;
				CLANG_WARN_SUSPICIOUS_MOVE = YES;
				CLANG_WARN_UNREACHABLE_CODE = YES;
				CLANG_WARN__DUPLICATE_METHOD_MATCH = YES;
				"CODE_SIGN_IDENTITY[sdk=iphoneos*]" = "iPhone Developer";
				COPY_PHASE_STRIP = NO;
				DEBUG_INFORMATION_FORMAT = "dwarf-with-dsym";
				ENABLE_NS_ASSERTIONS = NO;
				ENABLE_STRICT_OBJC_MSGSEND = YES;
				GCC_C_LANGUAGE_STANDARD = gnu99;
				GCC_NO_COMMON_BLOCKS = YES;
				GCC_WARN_64_TO_32_BIT_CONVERSION = YES;
				GCC_WARN_ABOUT_RETURN_TYPE = YES_ERROR;
				GCC_WARN_UNDECLARED_SELECTOR = YES;
				GCC_WARN_UNINITIALIZED_AUTOS = YES_AGGRESSIVE;
				GCC_WARN_UNUSED_FUNCTION = YES;
				GCC_WARN_UNUSED_VARIABLE = YES;
				IPHONEOS_DEPLOYMENT_TARGET = 14.0;
				MTL_ENABLE_DEBUG_INFO = NO;
				SDKROOT = iphoneos;
				SWIFT_COMPILATION_MODE = wholemodule;
				SWIFT_OPTIMIZATION_LEVEL = "-O";
				TARGETED_DEVICE_FAMILY = 2;
				VALIDATE_PRODUCT = YES;
			};
			name = Release;
		};
		DD89E0D81E27208200965CB7 /* Debug */ = {
			isa = XCBuildConfiguration;
			buildSettings = {
				ASSETCATALOG_COMPILER_APPICON_NAME = AppIconSet;
				CODE_SIGN_IDENTITY = "Apple Development";
				CODE_SIGN_STYLE = Automatic;
				DEVELOPMENT_TEAM = SKVPMKVP5H;
				INFOPLIST_FILE = TouchSequenceTest/Info.plist;
				IPHONEOS_DEPLOYMENT_TARGET = 14.0;
				LD_RUNPATH_SEARCH_PATHS = (
					"$(inherited)",
					"@executable_path/Frameworks",
				);
				PRODUCT_BUNDLE_IDENTIFIER = com.monotreme.sstouchcapturedemo;
				PRODUCT_NAME = "Touch Capture";
				PROVISIONING_PROFILE_SPECIFIER = "";
				SWIFT_VERSION = 5.0;
				TARGETED_DEVICE_FAMILY = "1,2";
			};
			name = Debug;
		};
		DD89E0D91E27208200965CB7 /* Release */ = {
			isa = XCBuildConfiguration;
			buildSettings = {
				ASSETCATALOG_COMPILER_APPICON_NAME = AppIconSet;
				CODE_SIGN_IDENTITY = "Apple Development";
				CODE_SIGN_STYLE = Automatic;
				DEVELOPMENT_TEAM = SKVPMKVP5H;
				INFOPLIST_FILE = TouchSequenceTest/Info.plist;
				IPHONEOS_DEPLOYMENT_TARGET = 14.0;
				LD_RUNPATH_SEARCH_PATHS = (
					"$(inherited)",
					"@executable_path/Frameworks",
				);
				PRODUCT_BUNDLE_IDENTIFIER = com.monotreme.sstouchcapturedemo;
				PRODUCT_NAME = "Touch Capture";
				PROVISIONING_PROFILE_SPECIFIER = "";
				SWIFT_VERSION = 5.0;
				TARGETED_DEVICE_FAMILY = "1,2";
			};
			name = Release;
		};
/* End XCBuildConfiguration section */

/* Begin XCConfigurationList section */
		DD89E0C01E27208200965CB7 /* Build configuration list for PBXProject "TouchSequenceTest" */ = {
			isa = XCConfigurationList;
			buildConfigurations = (
				DD89E0D51E27208200965CB7 /* Debug */,
				DD89E0D61E27208200965CB7 /* Release */,
			);
			defaultConfigurationIsVisible = 0;
			defaultConfigurationName = Debug;
		};
		DD89E0D71E27208200965CB7 /* Build configuration list for PBXNativeTarget "TouchSequenceTest" */ = {
			isa = XCConfigurationList;
			buildConfigurations = (
				DD89E0D81E27208200965CB7 /* Debug */,
				DD89E0D91E27208200965CB7 /* Release */,
			);
			defaultConfigurationIsVisible = 0;
			defaultConfigurationName = Debug;
		};
/* End XCConfigurationList section */

/* Begin XCRemoteSwiftPackageReference section */
		DD3C7AA72569C5D200E6EF5C /* XCRemoteSwiftPackageReference "JGProgressHUD" */ = {
			isa = XCRemoteSwiftPackageReference;
			repositoryURL = "https://github.com/JonasGessner/JGProgressHUD";
			requirement = {
				kind = upToNextMajorVersion;
				minimumVersion = 2.2.0;
			};
		};
/* End XCRemoteSwiftPackageReference section */

/* Begin XCSwiftPackageProductDependency section */
		DD3C7AA82569C5D200E6EF5C /* JGProgressHUD */ = {
			isa = XCSwiftPackageProductDependency;
			package = DD3C7AA72569C5D200E6EF5C /* XCRemoteSwiftPackageReference "JGProgressHUD" */;
			productName = JGProgressHUD;
		};
/* End XCSwiftPackageProductDependency section */

/* Begin XCVersionGroup section */
		DDBD4159251982FC00F1103B /* TouchCaptureModel.xcdatamodeld */ = {
			isa = XCVersionGroup;
			children = (
				DDBD415A251982FC00F1103B /* TouchCaptureModel.xcdatamodel */,
			);
			currentVersion = DDBD415A251982FC00F1103B /* TouchCaptureModel.xcdatamodel */;
			path = TouchCaptureModel.xcdatamodeld;
			sourceTree = "<group>";
			versionGroupType = wrapper.xcdatamodel;
		};
/* End XCVersionGroup section */
	};
	rootObject = DD89E0BD1E27208200965CB7 /* Project object */;
}
